
Microsoft Visual Studio Solution File, Format Version 12.00
# Visual Studio Version 16
VisualStudioVersion = 16.0.32002.261
MinimumVisualStudioVersion = 10.0.40219.1
Project("{FAE04EC0-301F-11D3-BF4B-00C04F79EFBC}") = "TaxiCrash", "TaxiCrash.csproj", "{922F725E-A20D-4BF4-A45A-C016D485A9A0}"
EndProject
Global
	GlobalSection(SolutionConfigurationPlatforms) = preSolution
		Debug|Any CPU = Debug|Any CPU
		Release|Any CPU = Release|Any CPU
	EndGlobalSection
	GlobalSection(ProjectConfigurationPlatforms) = postSolution
		{922F725E-A20D-4BF4-A45A-C016D485A9A0}.Debug|Any CPU.ActiveCfg = Debug|Any CPU
		{922F725E-A20D-4BF4-A45A-C016D485A9A0}.Debug|Any CPU.Build.0 = Debug|Any CPU
		{922F725E-A20D-4BF4-A45A-C016D485A9A0}.Release|Any CPU.ActiveCfg = Release|Any CPU
		{922F725E-A20D-4BF4-A45A-C016D485A9A0}.Release|Any CPU.Build.0 = Release|Any CPU
	EndGlobalSection
	GlobalSection(SolutionProperties) = preSolution
		HideSolutionNode = FALSE
	EndGlobalSection
	GlobalSection(ExtensibilityGlobals) = postSolution
		SolutionGuid = {FB00225B-8414-45CC-B0EA-0C13B5840561}
	EndGlobalSection
EndGlobal
